// !$*UTF8*$!
{
	archiveVersion = 1;
	classes = {
	};
	objectVersion = 77;
	objects = {

/* Begin PBXContainerItemProxy section */
		CC5D58EF2E40A10D00785DBA /* PBXContainerItemProxy */ = {
			isa = PBXContainerItemProxy;
			containerPortal = CC5D58D12E40A10A00785DBA /* Project object */;
			proxyType = 1;
			remoteGlobalIDString = CC5D58D82E40A10A00785DBA;
			remoteInfo = CryptoGraf;
		};
		CC5D58F92E40A10D00785DBA /* PBXContainerItemProxy */ = {
			isa = PBXContainerItemProxy;
			containerPortal = CC5D58D12E40A10A00785DBA /* Project object */;
			proxyType = 1;
			remoteGlobalIDString = CC5D58D82E40A10A00785DBA;
			remoteInfo = CryptoGraf;
		};
/* End PBXContainerItemProxy section */

/* Begin PBXFileReference section */
		CC5D58D92E40A10A00785DBA /* CryptoGraf.app */ = {isa = PBXFileReference; explicitFileType = wrapper.application; includeInIndex = 0; path = CryptoGraf.app; sourceTree = BUILT_PRODUCTS_DIR; };
		CC5D58EE2E40A10D00785DBA /* CryptoGrafTests.xctest */ = {isa = PBXFileReference; explicitFileType = wrapper.cfbundle; includeInIndex = 0; path = CryptoGrafTests.xctest; sourceTree = BUILT_PRODUCTS_DIR; };
		CC5D58F82E40A10D00785DBA /* CryptoGrafUITests.xctest */ = {isa = PBXFileReference; explicitFileType = wrapper.cfbundle; includeInIndex = 0; path = CryptoGrafUITests.xctest; sourceTree = BUILT_PRODUCTS_DIR; };
/* End PBXFileReference section */

/* Begin PBXFileSystemSynchronizedRootGroup section */
		CC5D58DB2E40A10A00785DBA /* CryptoGraf */ = {
			isa = PBXFileSystemSynchronizedRootGroup;
			path = CryptoGraf;
			sourceTree = "<group>";
		};
		CC5D58F12E40A10D00785DBA /* CryptoGrafTests */ = {
			isa = PBXFileSystemSynchronizedRootGroup;
			path = CryptoGrafTests;
			sourceTree = "<group>";
		};
		CC5D58FB2E40A10D00785DBA /* CryptoGrafUITests */ = {
			isa = PBXFileSystemSynchronizedRootGroup;
			path = CryptoGrafUITests;
			sourceTree = "<group>";
		};
/* End PBXFileSystemSynchronizedRootGroup section */

/* Begin PBXFrameworksBuildPhase section */
		CC5D58D62E40A10A00785DBA /* Frameworks */ = {
			isa = PBXFrameworksBuildPhase;
			buildActionMask = 2147483647;
			files = (
			);
			runOnlyForDeploymentPostprocessing = 0;
		};
		CC5D58EB2E40A10D00785DBA /* Frameworks */ = {
			isa = PBXFrameworksBuildPhase;
			buildActionMask = 2147483647;
			files = (
			);
			runOnlyForDeploymentPostprocessing = 0;
		};
		CC5D58F52E40A10D00785DBA /* Frameworks */ = {
			isa = PBXFrameworksBuildPhase;
			buildActionMask = 2147483647;
			files = (
			);
			runOnlyForDeploymentPostprocessing = 0;
		};
/* End PBXFrameworksBuildPhase section */

/* Begin PBXGroup section */
		CC5D58D02E40A10A00785DBA = {
			isa = PBXGroup;
			children = (
				CC5D58DB2E40A10A00785DBA /* CryptoGraf */,
				CC5D58F12E40A10D00785DBA /* CryptoGrafTests */,
				CC5D58FB2E40A10D00785DBA /* CryptoGrafUITests */,
				CC5D58DA2E40A10A00785DBA /* Products */,
			);
			sourceTree = "<group>";
		};
		CC5D58DA2E40A10A00785DBA /* Products */ = {
			isa = PBXGroup;
			children = (
				CC5D58D92E40A10A00785DBA /* CryptoGraf.app */,
				CC5D58EE2E40A10D00785DBA /* CryptoGrafTests.xctest */,
				CC5D58F82E40A10D00785DBA /* CryptoGrafUITests.xctest */,
			);
			name = Products;
			sourceTree = "<group>";
		};
/* End PBXGroup section */

/* Begin PBXNativeTarget section */
		CC5D58D82E40A10A00785DBA /* CryptoGraf */ = {
			isa = PBXNativeTarget;
			buildConfigurationList = CC5D59022E40A10D00785DBA /* Build configuration list for PBXNativeTarget "CryptoGraf" */;
			buildPhases = (
				CC5D58D52E40A10A00785DBA /* Sources */,
				CC5D58D62E40A10A00785DBA /* Frameworks */,
				CC5D58D72E40A10A00785DBA /* Resources */,
			);
			buildRules = (
			);
			dependencies = (
			);
			fileSystemSynchronizedGroups = (
				CC5D58DB2E40A10A00785DBA /* CryptoGraf */,
			);
			name = CryptoGraf;
			packageProductDependencies = (
			);
			productName = CryptoGraf;
			productReference = CC5D58D92E40A10A00785DBA /* CryptoGraf.app */;
			productType = "com.apple.product-type.application";
		};
		CC5D58ED2E40A10D00785DBA /* CryptoGrafTests */ = {
			isa = PBXNativeTarget;
			buildConfigurationList = CC5D59052E40A10D00785DBA /* Build configuration list for PBXNativeTarget "CryptoGrafTests" */;
			buildPhases = (
				CC5D58EA2E40A10D00785DBA /* Sources */,
				CC5D58EB2E40A10D00785DBA /* Frameworks */,
				CC5D58EC2E40A10D00785DBA /* Resources */,
			);
			buildRules = (
			);
			dependencies = (
				CC5D58F02E40A10D00785DBA /* PBXTargetDependency */,
			);
			fileSystemSynchronizedGroups = (
				CC5D58F12E40A10D00785DBA /* CryptoGrafTests */,
			);
			name = CryptoGrafTests;
			packageProductDependencies = (
			);
			productName = CryptoGrafTests;
			productReference = CC5D58EE2E40A10D00785DBA /* CryptoGrafTests.xctest */;
			productType = "com.apple.product-type.bundle.unit-test";
		};
		CC5D58F72E40A10D00785DBA /* CryptoGrafUITests */ = {
			isa = PBXNativeTarget;
			buildConfigurationList = CC5D59082E40A10D00785DBA /* Build configuration list for PBXNativeTarget "CryptoGrafUITests" */;
			buildPhases = (
				CC5D58F42E40A10D00785DBA /* Sources */,
				CC5D58F52E40A10D00785DBA /* Frameworks */,
				CC5D58F62E40A10D00785DBA /* Resources */,
			);
			buildRules = (
			);
			dependencies = (
				CC5D58FA2E40A10D00785DBA /* PBXTargetDependency */,
			);
			fileSystemSynchronizedGroups = (
				CC5D58FB2E40A10D00785DBA /* CryptoGrafUITests */,
			);
			name = CryptoGrafUITests;
			packageProductDependencies = (
			);
			productName = CryptoGrafUITests;
			productReference = CC5D58F82E40A10D00785DBA /* CryptoGrafUITests.xctest */;
			productType = "com.apple.product-type.bundle.ui-testing";
		};
/* End PBXNativeTarget section */

/* Begin PBXProject section */
		CC5D58D12E40A10A00785DBA /* Project object */ = {
			isa = PBXProject;
			attributes = {
				BuildIndependentTargetsInParallel = 1;
				LastSwiftUpdateCheck = 1600;
				LastUpgradeCheck = 1600;
				TargetAttributes = {
					CC5D58D82E40A10A00785DBA = {
						CreatedOnToolsVersion = 16.0;
					};
					CC5D58ED2E40A10D00785DBA = {
						CreatedOnToolsVersion = 16.0;
						TestTargetID = CC5D58D82E40A10A00785DBA;
					};
					CC5D58F72E40A10D00785DBA = {
						CreatedOnToolsVersion = 16.0;
						TestTargetID = CC5D58D82E40A10A00785DBA;
					};
				};
			};
			buildConfigurationList = CC5D58D42E40A10A00785DBA /* Build configuration list for PBXProject "CryptoGraf" */;
			developmentRegion = en;
			hasScannedForEncodings = 0;
			knownRegions = (
				en,
				Base,
			);
			mainGroup = CC5D58D02E40A10A00785DBA;
			minimizedProjectReferenceProxies = 1;
			preferredProjectObjectVersion = 77;
			productRefGroup = CC5D58DA2E40A10A00785DBA /* Products */;
			projectDirPath = "";
			projectRoot = "";
			targets = (
				CC5D58D82E40A10A00785DBA /* CryptoGraf */,
				CC5D58ED2E40A10D00785DBA /* CryptoGrafTests */,
				CC5D58F72E40A10D00785DBA /* CryptoGrafUITests */,
			);
		};
/* End PBXProject section */

/* Begin PBXResourcesBuildPhase section */
		CC5D58D72E40A10A00785DBA /* Resources */ = {
			isa = PBXResourcesBuildPhase;
			buildActionMask = 2147483647;
			files = (
			);
			runOnlyForDeploymentPostprocessing = 0;
		};
		CC5D58EC2E40A10D00785DBA /* Resources */ = {
			isa = PBXResourcesBuildPhase;
			buildActionMask = 2147483647;
			files = (
			);
			runOnlyForDeploymentPostprocessing = 0;
		};
		CC5D58F62E40A10D00785DBA /* Resources */ = {
			isa = PBXResourcesBuildPhase;
			buildActionMask = 2147483647;
			files = (
			);
			runOnlyForDeploymentPostprocessing = 0;
		};
/* End PBXResourcesBuildPhase section */

/* Begin PBXSourcesBuildPhase section */
		CC5D58D52E40A10A00785DBA /* Sources */ = {
			isa = PBXSourcesBuildPhase;
			buildActionMask = 2147483647;
			files = (
			);
			runOnlyForDeploymentPostprocessing = 0;
		};
		CC5D58EA2E40A10D00785DBA /* Sources */ = {
			isa = PBXSourcesBuildPhase;
			buildActionMask = 2147483647;
			files = (
			);
			runOnlyForDeploymentPostprocessing = 0;
		};
		CC5D58F42E40A10D00785DBA /* Sources */ = {
			isa = PBXSourcesBuildPhase;
			buildActionMask = 2147483647;
			files = (
			);
			runOnlyForDeploymentPostprocessing = 0;
		};
/* End PBXSourcesBuildPhase section */

/* Begin PBXTargetDependency section */
		CC5D58F02E40A10D00785DBA /* PBXTargetDependency */ = {
			isa = PBXTargetDependency;
			target = CC5D58D82E40A10A00785DBA /* CryptoGraf */;
			targetProxy = CC5D58EF2E40A10D00785DBA /* PBXContainerItemProxy */;
		};
		CC5D58FA2E40A10D00785DBA /* PBXTargetDependency */ = {
			isa = PBXTargetDependency;
			target = CC5D58D82E40A10A00785DBA /* CryptoGraf */;
			targetProxy = CC5D58F92E40A10D00785DBA /* PBXContainerItemProxy */;
		};
/* End PBXTargetDependency section */

/* Begin XCBuildConfiguration section */
		CC5D59002E40A10D00785DBA /* Debug */ = {
			isa = XCBuildConfiguration;
			buildSettings = {
				ALWAYS_SEARCH_USER_PATHS = NO;
				ASSETCATALOG_COMPILER_GENERATE_SWIFT_ASSET_SYMBOL_EXTENSIONS = YES;
				CLANG_ANALYZER_NONNULL = YES;
				CLANG_ANALYZER_NUMBER_OBJECT_CONVERSION = YES_AGGRESSIVE;
				CLANG_CXX_LANGUAGE_STANDARD = "gnu++20";
				CLANG_ENABLE_MODULES = YES;
				CLANG_ENABLE_OBJC_ARC = YES;
				CLANG_ENABLE_OBJC_WEAK = YES;
				CLANG_WARN_BLOCK_CAPTURE_AUTORELEASING = YES;
				CLANG_WARN_BOOL_CONVERSION = YES;
				CLANG_WARN_COMMA = YES;
				CLANG_WARN_CONSTANT_CONVERSION = YES;
				CLANG_WARN_DEPRECATED_OBJC_IMPLEMENTATIONS = YES;
				CLANG_WARN_DIRECT_OBJC_ISA_USAGE = YES_ERROR;
				CLANG_WARN_DOCUMENTATION_COMMENTS = YES;
				CLANG_WARN_EMPTY_BODY = YES;
				CLANG_WARN_ENUM_CONVERSION = YES;
				CLANG_WARN_INFINITE_RECURSION = YES;
				CLANG_WARN_INT_CONVERSION = YES;
				CLANG_WARN_NON_LITERAL_NULL_CONVERSION = YES;
				CLANG_WARN_OBJC_IMPLICIT_RETAIN_SELF = YES;
				CLANG_WARN_OBJC_LITERAL_CONVERSION = YES;
				CLANG_WARN_OBJC_ROOT_CLASS = YES_ERROR;
				CLANG_WARN_QUOTED_INCLUDE_IN_FRAMEWORK_HEADER = YES;
				CLANG_WARN_RANGE_LOOP_ANALYSIS = YES;
				CLANG_WARN_STRICT_PROTOTYPES = YES;
				CLANG_WARN_SUSPICIOUS_MOVE = YES;
				CLANG_WARN_UNGUARDED_AVAILABILITY = YES_AGGRESSIVE;
				CLANG_WARN_UNREACHABLE_CODE = YES;
				CLANG_WARN__DUPLICATE_METHOD_MATCH = YES;
				COPY_PHASE_STRIP = NO;
				DEBUG_INFORMATION_FORMAT = dwarf;
				ENABLE_STRICT_OBJC_MSGSEND = YES;
				ENABLE_TESTABILITY = YES;
				ENABLE_USER_SCRIPT_SANDBOXING = YES;
				GCC_C_LANGUAGE_STANDARD = gnu17;
				GCC_DYNAMIC_NO_PIC = NO;
				GCC_NO_COMMON_BLOCKS = YES;
				GCC_OPTIMIZATION_LEVEL = 0;
				GCC_PREPROCESSOR_DEFINITIONS = (
					"DEBUG=1",
					"$(inherited)",
				);
				GCC_WARN_64_TO_32_BIT_CONVERSION = YES;
				GCC_WARN_ABOUT_RETURN_TYPE = YES_ERROR;
				GCC_WARN_UNDECLARED_SELECTOR = YES;
				GCC_WARN_UNINITIALIZED_AUTOS = YES_AGGRESSIVE;
				GCC_WARN_UNUSED_FUNCTION = YES;
				GCC_WARN_UNUSED_VARIABLE = YES;
				IPHONEOS_DEPLOYMENT_TARGET = 18.0;
				LOCALIZATION_PREFERS_STRING_CATALOGS = YES;
				MTL_ENABLE_DEBUG_INFO = INCLUDE_SOURCE;
				MTL_FAST_MATH = YES;
				ONLY_ACTIVE_ARCH = YES;
				SDKROOT = iphoneos;
				SWIFT_ACTIVE_COMPILATION_CONDITIONS = "DEBUG $(inherited)";
				SWIFT_OPTIMIZATION_LEVEL = "-Onone";
			};
			name = Debug;
		};
		CC5D59012E40A10D00785DBA /* Release */ = {
			isa = XCBuildConfiguration;
			buildSettings = {
				ALWAYS_SEARCH_USER_PATHS = NO;
				ASSETCATALOG_COMPILER_GENERATE_SWIFT_ASSET_SYMBOL_EXTENSIONS = YES;
				CLANG_ANALYZER_NONNULL = YES;
				CLANG_ANALYZER_NUMBER_OBJECT_CONVERSION = YES_AGGRESSIVE;
				CLANG_CXX_LANGUAGE_STANDARD = "gnu++20";
				CLANG_ENABLE_MODULES = YES;
				CLANG_ENABLE_OBJC_ARC = YES;
				CLANG_ENABLE_OBJC_WEAK = YES;
				CLANG_WARN_BLOCK_CAPTURE_AUTORELEASING = YES;
				CLANG_WARN_BOOL_CONVERSION = YES;
				CLANG_WARN_COMMA = YES;
				CLANG_WARN_CONSTANT_CONVERSION = YES;
				CLANG_WARN_DEPRECATED_OBJC_IMPLEMENTATIONS = YES;
				CLANG_WARN_DIRECT_OBJC_ISA_USAGE = YES_ERROR;
				CLANG_WARN_DOCUMENTATION_COMMENTS = YES;
				CLANG_WARN_EMPTY_BODY = YES;
				CLANG_WARN_ENUM_CONVERSION = YES;
				CLANG_WARN_INFINITE_RECURSION = YES;
				CLANG_WARN_INT_CONVERSION = YES;
				CLANG_WARN_NON_LITERAL_NULL_CONVERSION = YES;
				CLANG_WARN_OBJC_IMPLICIT_RETAIN_SELF = YES;
				CLANG_WARN_OBJC_LITERAL_CONVERSION = YES;
				CLANG_WARN_OBJC_ROOT_CLASS = YES_ERROR;
				CLANG_WARN_QUOTED_INCLUDE_IN_FRAMEWORK_HEADER = YES;
				CLANG_WARN_RANGE_LOOP_ANALYSIS = YES;
				CLANG_WARN_STRICT_PROTOTYPES = YES;
				CLANG_WARN_SUSPICIOUS_MOVE = YES;
				CLANG_WARN_UNGUARDED_AVAILABILITY = YES_AGGRESSIVE;
				CLANG_WARN_UNREACHABLE_CODE = YES;
				CLANG_WARN__DUPLICATE_METHOD_MATCH = YES;
				COPY_PHASE_STRIP = NO;
				DEBUG_INFORMATION_FORMAT = "dwarf-with-dsym";
				ENABLE_NS_ASSERTIONS = NO;
				ENABLE_STRICT_OBJC_MSGSEND = YES;
				ENABLE_USER_SCRIPT_SANDBOXING = YES;
				GCC_C_LANGUAGE_STANDARD = gnu17;
				GCC_NO_COMMON_BLOCKS = YES;
				GCC_WARN_64_TO_32_BIT_CONVERSION = YES;
				GCC_WARN_ABOUT_RETURN_TYPE = YES_ERROR;
				GCC_WARN_UNDECLARED_SELECTOR = YES;
				GCC_WARN_UNINITIALIZED_AUTOS = YES_AGGRESSIVE;
				GCC_WARN_UNUSED_FUNCTION = YES;
				GCC_WARN_UNUSED_VARIABLE = YES;
				IPHONEOS_DEPLOYMENT_TARGET = 18.0;
				LOCALIZATION_PREFERS_STRING_CATALOGS = YES;
				MTL_ENABLE_DEBUG_INFO = NO;
				MTL_FAST_MATH = YES;
				SDKROOT = iphoneos;
				SWIFT_COMPILATION_MODE = wholemodule;
				VALIDATE_PRODUCT = YES;
			};
			name = Release;
		};
		CC5D59032E40A10D00785DBA /* Debug */ = {
			isa = XCBuildConfiguration;
			buildSettings = {
				ASSETCATALOG_COMPILER_APPICON_NAME = AppIcon;
				ASSETCATALOG_COMPILER_GLOBAL_ACCENT_COLOR_NAME = AccentColor;
				CODE_SIGN_STYLE = Automatic;
				CURRENT_PROJECT_VERSION = 1;
				DEVELOPMENT_ASSET_PATHS = "\"CryptoGraf/Preview Content\"";
				ENABLE_PREVIEWS = YES;
				GENERATE_INFOPLIST_FILE = YES;
				INFOPLIST_KEY_UIApplicationSceneManifest_Generation = YES;
				INFOPLIST_KEY_UIApplicationSupportsIndirectInputEvents = YES;
				INFOPLIST_KEY_UILaunchScreen_Generation = YES;
				INFOPLIST_KEY_UISupportedInterfaceOrientations_iPad = "UIInterfaceOrientationPortrait UIInterfaceOrientationPortraitUpsideDown UIInterfaceOrientationLandscapeLeft UIInterfaceOrientationLandscapeRight";
				INFOPLIST_KEY_UISupportedInterfaceOrientations_iPhone = "UIInterfaceOrientationPortrait UIInterfaceOrientationLandscapeLeft UIInterfaceOrientationLandscapeRight";
				LD_RUNPATH_SEARCH_PATHS = (
					"$(inherited)",
					"@executable_path/Frameworks",
				);
				MARKETING_VERSION = 1.0;
				PRODUCT_BUNDLE_IDENTIFIER = "press-f.CryptoGraf";
				PRODUCT_NAME = "$(TARGET_NAME)";
				SWIFT_EMIT_LOC_STRINGS = YES;
				SWIFT_VERSION = 5.0;
				TARGETED_DEVICE_FAMILY = "1,2";
			};
			name = Debug;
		};
		CC5D59042E40A10D00785DBA /* Release */ = {
			isa = XCBuildConfiguration;
			buildSettings = {
				ASSETCATALOG_COMPILER_APPICON_NAME = AppIcon;
				ASSETCATALOG_COMPILER_GLOBAL_ACCENT_COLOR_NAME = AccentColor;
				CODE_SIGN_STYLE = Automatic;
				CURRENT_PROJECT_VERSION = 1;
				DEVELOPMENT_ASSET_PATHS = "\"CryptoGraf/Preview Content\"";
				ENABLE_PREVIEWS = YES;
				GENERATE_INFOPLIST_FILE = YES;
				INFOPLIST_KEY_UIApplicationSceneManifest_Generation = YES;
				INFOPLIST_KEY_UIApplicationSupportsIndirectInputEvents = YES;
				INFOPLIST_KEY_UILaunchScreen_Generation = YES;
				INFOPLIST_KEY_UISupportedInterfaceOrientations_iPad = "UIInterfaceOrientationPortrait UIInterfaceOrientationPortraitUpsideDown UIInterfaceOrientationLandscapeLeft UIInterfaceOrientationLandscapeRight";
				INFOPLIST_KEY_UISupportedInterfaceOrientations_iPhone = "UIInterfaceOrientationPortrait UIInterfaceOrientationLandscapeLeft UIInterfaceOrientationLandscapeRight";
				LD_RUNPATH_SEARCH_PATHS = (
					"$(inherited)",
					"@executable_path/Frameworks",
				);
				MARKETING_VERSION = 1.0;
				PRODUCT_BUNDLE_IDENTIFIER = "press-f.CryptoGraf";
				PRODUCT_NAME = "$(TARGET_NAME)";
				SWIFT_EMIT_LOC_STRINGS = YES;
				SWIFT_VERSION = 5.0;
				TARGETED_DEVICE_FAMILY = "1,2";
			};
			name = Release;
		};
		CC5D59062E40A10D00785DBA /* Debug */ = {
			isa = XCBuildConfiguration;
			buildSettings = {
				BUNDLE_LOADER = "$(TEST_HOST)";
				CODE_SIGN_STYLE = Automatic;
				CURRENT_PROJECT_VERSION = 1;
				GENERATE_INFOPLIST_FILE = YES;
				IPHONEOS_DEPLOYMENT_TARGET = 18.0;
				MARKETING_VERSION = 1.0;
				PRODUCT_BUNDLE_IDENTIFIER = "press-f.CryptoGrafTests";
				PRODUCT_NAME = "$(TARGET_NAME)";
				SWIFT_EMIT_LOC_STRINGS = NO;
				SWIFT_VERSION = 5.0;
				TARGETED_DEVICE_FAMILY = "1,2";
				TEST_HOST = "$(BUILT_PRODUCTS_DIR)/CryptoGraf.app/$(BUNDLE_EXECUTABLE_FOLDER_PATH)/CryptoGraf";
			};
			name = Debug;
		};
		CC5D59072E40A10D00785DBA /* Release */ = {
			isa = XCBuildConfiguration;
			buildSettings = {
				BUNDLE_LOADER = "$(TEST_HOST)";
				CODE_SIGN_STYLE = Automatic;
				CURRENT_PROJECT_VERSION = 1;
				GENERATE_INFOPLIST_FILE = YES;
				IPHONEOS_DEPLOYMENT_TARGET = 18.0;
				MARKETING_VERSION = 1.0;
				PRODUCT_BUNDLE_IDENTIFIER = "press-f.CryptoGrafTests";
				PRODUCT_NAME = "$(TARGET_NAME)";
				SWIFT_EMIT_LOC_STRINGS = NO;
				SWIFT_VERSION = 5.0;
				TARGETED_DEVICE_FAMILY = "1,2";
				TEST_HOST = "$(BUILT_PRODUCTS_DIR)/CryptoGraf.app/$(BUNDLE_EXECUTABLE_FOLDER_PATH)/CryptoGraf";
			};
			name = Release;
		};
		CC5D59092E40A10D00785DBA /* Debug */ = {
			isa = XCBuildConfiguration;
			buildSettings = {
				CODE_SIGN_STYLE = Automatic;
				CURRENT_PROJECT_VERSION = 1;
				GENERATE_INFOPLIST_FILE = YES;
				MARKETING_VERSION = 1.0;
				PRODUCT_BUNDLE_IDENTIFIER = "press-f.CryptoGrafUITests";
				PRODUCT_NAME = "$(TARGET_NAME)";
				SWIFT_EMIT_LOC_STRINGS = NO;
				SWIFT_VERSION = 5.0;
				TARGETED_DEVICE_FAMILY = "1,2";
				TEST_TARGET_NAME = CryptoGraf;
			};
			name = Debug;
		};
		CC5D590A2E40A10D00785DBA /* Release */ = {
			isa = XCBuildConfiguration;
			buildSettings = {
				CODE_SIGN_STYLE = Automatic;
				CURRENT_PROJECT_VERSION = 1;
				GENERATE_INFOPLIST_FILE = YES;
				MARKETING_VERSION = 1.0;
				PRODUCT_BUNDLE_IDENTIFIER = "press-f.CryptoGrafUITests";
				PRODUCT_NAME = "$(TARGET_NAME)";
				SWIFT_EMIT_LOC_STRINGS = NO;
				SWIFT_VERSION = 5.0;
				TARGETED_DEVICE_FAMILY = "1,2";
				TEST_TARGET_NAME = CryptoGraf;
			};
			name = Release;
		};
/* End XCBuildConfiguration section */

/* Begin XCConfigurationList section */
		CC5D58D42E40A10A00785DBA /* Build configuration list for PBXProject "CryptoGraf" */ = {
			isa = XCConfigurationList;
			buildConfigurations = (
				CC5D59002E40A10D00785DBA /* Debug */,
				CC5D59012E40A10D00785DBA /* Release */,
			);
			defaultConfigurationIsVisible = 0;
			defaultConfigurationName = Release;
		};
		CC5D59022E40A10D00785DBA /* Build configuration list for PBXNativeTarget "CryptoGraf" */ = {
			isa = XCConfigurationList;
			buildConfigurations = (
				CC5D59032E40A10D00785DBA /* Debug */,
				CC5D59042E40A10D00785DBA /* Release */,
			);
			defaultConfigurationIsVisible = 0;
			defaultConfigurationName = Release;
		};
		CC5D59052E40A10D00785DBA /* Build configuration list for PBXNativeTarget "CryptoGrafTests" */ = {
			isa = XCConfigurationList;
			buildConfigurations = (
				CC5D59062E40A10D00785DBA /* Debug */,
				CC5D59072E40A10D00785DBA /* Release */,
			);
			defaultConfigurationIsVisible = 0;
			defaultConfigurationName = Release;
		};
		CC5D59082E40A10D00785DBA /* Build configuration list for PBXNativeTarget "CryptoGrafUITests" */ = {
			isa = XCConfigurationList;
			buildConfigurations = (
				CC5D59092E40A10D00785DBA /* Debug */,
				CC5D590A2E40A10D00785DBA /* Release */,
			);
			defaultConfigurationIsVisible = 0;
			defaultConfigurationName = Release;
		};
/* End XCConfigurationList section */
	};
	rootObject = CC5D58D12E40A10A00785DBA /* Project object */;
}
